
Microsoft Visual Studio Solution File, Format Version 12.00
# Visual Studio Version 17
VisualStudioVersion = 17.9.34616.47
MinimumVisualStudioVersion = 10.0.40219.1
Project("{9A19103F-16F7-4668-BE54-9A1E7A4F7556}") = "Haondt.Web.Core", "Haondt.Web.Core\Haondt.Web.Core.csproj", "{123BDC8A-CB29-4A8E-966E-711821F447E5}"
EndProject
Project("{9A19103F-16F7-4668-BE54-9A1E7A4F7556}") = "Haondt.Web.Demo", "Haondt.Web.Demo\Haondt.Web.Demo.csproj", "{58B6D421-B2DB-4FEC-82AB-575B36921B75}"
EndProject
Project("{9A19103F-16F7-4668-BE54-9A1E7A4F7556}") = "Haondt.Web", "Haondt.Web\Haondt.Web.csproj", "{5A5E5155-B408-423F-9022-696E5F5C8AF4}"
EndProject
Project("{9A19103F-16F7-4668-BE54-9A1E7A4F7556}") = "Haondt.Web.BulmaCSS", "Haondt.Web.BulmaCSS\Haondt.Web.BulmaCSS.csproj", "{A3BD55A3-3631-471C-B508-B06B587A5E1C}"
EndProject
Project("{9A19103F-16F7-4668-BE54-9A1E7A4F7556}") = "Haondt.Web.Components", "Haondt.Web.Components\Haondt.Web.Components.csproj", "{25E08061-914C-4367-97F7-DB6332383C5B}"
EndProject
Project("{9A19103F-16F7-4668-BE54-9A1E7A4F7556}") = "Haondt.Identity", "Haondt.Identity\Haondt.Identity.csproj", "{D9467F54-8A3C-419A-882D-6CC1782E9D61}"
EndProject
Project("{9A19103F-16F7-4668-BE54-9A1E7A4F7556}") = "Haondt.Persistence", "Haondt.Persistence\Haondt.Persistence.csproj", "{389909ED-8C8B-4575-9327-28C2B0EF1D3F}"
EndProject
Project("{9A19103F-16F7-4668-BE54-9A1E7A4F7556}") = "Haondt.Core", "Haondt.Core\Haondt.Core.csproj", "{75DDC3A8-E6B5-4E7D-83A3-BE4B577A7040}"
EndProject
Project("{9A19103F-16F7-4668-BE54-9A1E7A4F7556}") = "Haondt.Identity.Tests", "Haondt.Identity.Tests\Haondt.Identity.Tests.csproj", "{3207ABA6-9ABE-4714-B48E-1BD61B737971}"
EndProject
Project("{2150E333-8FDC-42A3-9474-1A3956D46DE8}") = "test", "test", "{480E1205-91EE-4CF3-9448-A9311A330882}"
EndProject
Project("{9A19103F-16F7-4668-BE54-9A1E7A4F7556}") = "Haondt.Persistence.MongoDb", "Haondt.Persistence.MongoDb\Haondt.Persistence.MongoDb.csproj", "{C7F7B4BE-1A13-4EDC-B895-88BCF57D4AF5}"
EndProject
Project("{9A19103F-16F7-4668-BE54-9A1E7A4F7556}") = "Haondt.Persistence.Tests", "Haondt.Persistence.Tests\Haondt.Persistence.Tests.csproj", "{57FCA8F4-9138-4223-88F1-FE4905AF9B92}"
EndProject
Project("{9A19103F-16F7-4668-BE54-9A1E7A4F7556}") = "Haondt.Persistence.Postgresql", "Haondt.Persistence.Postgresql\Haondt.Persistence.Postgresql.csproj", "{BE47C00F-A5EC-41F6-8A39-D71DCB49AF6F}"
EndProject
Project("{9A19103F-16F7-4668-BE54-9A1E7A4F7556}") = "Haondt.Persistence.Sqlite", "Haondt.Persistence.Sqlite\Haondt.Persistence.Sqlite.csproj", "{34CDDAC0-3791-45CC-A073-3E59C838331A}"
EndProject
Project("{2150E333-8FDC-42A3-9474-1A3956D46DE8}") = "Solution Items", "Solution Items", "{0893ED82-FF4C-4CCD-89A4-803537054590}"
	ProjectSection(SolutionItems) = preProject
		.editorconfig = .editorconfig
	EndProjectSection
EndProject
Global
	GlobalSection(SolutionConfigurationPlatforms) = preSolution
		Debug|Any CPU = Debug|Any CPU
		Release|Any CPU = Release|Any CPU
	EndGlobalSection
	GlobalSection(ProjectConfigurationPlatforms) = postSolution
		{123BDC8A-CB29-4A8E-966E-711821F447E5}.Debug|Any CPU.ActiveCfg = Debug|Any CPU
		{123BDC8A-CB29-4A8E-966E-711821F447E5}.Debug|Any CPU.Build.0 = Debug|Any CPU
		{123BDC8A-CB29-4A8E-966E-711821F447E5}.Release|Any CPU.ActiveCfg = Release|Any CPU
		{123BDC8A-CB29-4A8E-966E-711821F447E5}.Release|Any CPU.Build.0 = Release|Any CPU
		{58B6D421-B2DB-4FEC-82AB-575B36921B75}.Debug|Any CPU.ActiveCfg = Debug|Any CPU
		{58B6D421-B2DB-4FEC-82AB-575B36921B75}.Debug|Any CPU.Build.0 = Debug|Any CPU
		{58B6D421-B2DB-4FEC-82AB-575B36921B75}.Release|Any CPU.ActiveCfg = Release|Any CPU
		{58B6D421-B2DB-4FEC-82AB-575B36921B75}.Release|Any CPU.Build.0 = Release|Any CPU
		{5A5E5155-B408-423F-9022-696E5F5C8AF4}.Debug|Any CPU.ActiveCfg = Debug|Any CPU
		{5A5E5155-B408-423F-9022-696E5F5C8AF4}.Debug|Any CPU.Build.0 = Debug|Any CPU
		{5A5E5155-B408-423F-9022-696E5F5C8AF4}.Release|Any CPU.ActiveCfg = Release|Any CPU
		{5A5E5155-B408-423F-9022-696E5F5C8AF4}.Release|Any CPU.Build.0 = Release|Any CPU
		{A3BD55A3-3631-471C-B508-B06B587A5E1C}.Debug|Any CPU.ActiveCfg = Debug|Any CPU
		{A3BD55A3-3631-471C-B508-B06B587A5E1C}.Debug|Any CPU.Build.0 = Debug|Any CPU
		{A3BD55A3-3631-471C-B508-B06B587A5E1C}.Release|Any CPU.ActiveCfg = Release|Any CPU
		{A3BD55A3-3631-471C-B508-B06B587A5E1C}.Release|Any CPU.Build.0 = Release|Any CPU
		{25E08061-914C-4367-97F7-DB6332383C5B}.Debug|Any CPU.ActiveCfg = Debug|Any CPU
		{25E08061-914C-4367-97F7-DB6332383C5B}.Debug|Any CPU.Build.0 = Debug|Any CPU
		{25E08061-914C-4367-97F7-DB6332383C5B}.Release|Any CPU.ActiveCfg = Release|Any CPU
		{25E08061-914C-4367-97F7-DB6332383C5B}.Release|Any CPU.Build.0 = Release|Any CPU
		{D9467F54-8A3C-419A-882D-6CC1782E9D61}.Debug|Any CPU.ActiveCfg = Debug|Any CPU
		{D9467F54-8A3C-419A-882D-6CC1782E9D61}.Debug|Any CPU.Build.0 = Debug|Any CPU
		{D9467F54-8A3C-419A-882D-6CC1782E9D61}.Release|Any CPU.ActiveCfg = Release|Any CPU
		{D9467F54-8A3C-419A-882D-6CC1782E9D61}.Release|Any CPU.Build.0 = Release|Any CPU
		{389909ED-8C8B-4575-9327-28C2B0EF1D3F}.Debug|Any CPU.ActiveCfg = Debug|Any CPU
		{389909ED-8C8B-4575-9327-28C2B0EF1D3F}.Debug|Any CPU.Build.0 = Debug|Any CPU
		{389909ED-8C8B-4575-9327-28C2B0EF1D3F}.Release|Any CPU.ActiveCfg = Release|Any CPU
		{389909ED-8C8B-4575-9327-28C2B0EF1D3F}.Release|Any CPU.Build.0 = Release|Any CPU
		{75DDC3A8-E6B5-4E7D-83A3-BE4B577A7040}.Debug|Any CPU.ActiveCfg = Debug|Any CPU
		{75DDC3A8-E6B5-4E7D-83A3-BE4B577A7040}.Debug|Any CPU.Build.0 = Debug|Any CPU
		{75DDC3A8-E6B5-4E7D-83A3-BE4B577A7040}.Release|Any CPU.ActiveCfg = Release|Any CPU
		{75DDC3A8-E6B5-4E7D-83A3-BE4B577A7040}.Release|Any CPU.Build.0 = Release|Any CPU
		{3207ABA6-9ABE-4714-B48E-1BD61B737971}.Debug|Any CPU.ActiveCfg = Debug|Any CPU
		{3207ABA6-9ABE-4714-B48E-1BD61B737971}.Debug|Any CPU.Build.0 = Debug|Any CPU
		{3207ABA6-9ABE-4714-B48E-1BD61B737971}.Release|Any CPU.ActiveCfg = Release|Any CPU
		{3207ABA6-9ABE-4714-B48E-1BD61B737971}.Release|Any CPU.Build.0 = Release|Any CPU
		{C7F7B4BE-1A13-4EDC-B895-88BCF57D4AF5}.Debug|Any CPU.ActiveCfg = Debug|Any CPU
		{C7F7B4BE-1A13-4EDC-B895-88BCF57D4AF5}.Debug|Any CPU.Build.0 = Debug|Any CPU
		{C7F7B4BE-1A13-4EDC-B895-88BCF57D4AF5}.Release|Any CPU.ActiveCfg = Release|Any CPU
		{C7F7B4BE-1A13-4EDC-B895-88BCF57D4AF5}.Release|Any CPU.Build.0 = Release|Any CPU
		{57FCA8F4-9138-4223-88F1-FE4905AF9B92}.Debug|Any CPU.ActiveCfg = Debug|Any CPU
		{57FCA8F4-9138-4223-88F1-FE4905AF9B92}.Debug|Any CPU.Build.0 = Debug|Any CPU
		{57FCA8F4-9138-4223-88F1-FE4905AF9B92}.Release|Any CPU.ActiveCfg = Release|Any CPU
		{57FCA8F4-9138-4223-88F1-FE4905AF9B92}.Release|Any CPU.Build.0 = Release|Any CPU
		{BE47C00F-A5EC-41F6-8A39-D71DCB49AF6F}.Debug|Any CPU.ActiveCfg = Debug|Any CPU
		{BE47C00F-A5EC-41F6-8A39-D71DCB49AF6F}.Debug|Any CPU.Build.0 = Debug|Any CPU
		{BE47C00F-A5EC-41F6-8A39-D71DCB49AF6F}.Release|Any CPU.ActiveCfg = Release|Any CPU
		{BE47C00F-A5EC-41F6-8A39-D71DCB49AF6F}.Release|Any CPU.Build.0 = Release|Any CPU
		{34CDDAC0-3791-45CC-A073-3E59C838331A}.Debug|Any CPU.ActiveCfg = Debug|Any CPU
		{34CDDAC0-3791-45CC-A073-3E59C838331A}.Debug|Any CPU.Build.0 = Debug|Any CPU
		{34CDDAC0-3791-45CC-A073-3E59C838331A}.Release|Any CPU.ActiveCfg = Release|Any CPU
		{34CDDAC0-3791-45CC-A073-3E59C838331A}.Release|Any CPU.Build.0 = Release|Any CPU
	EndGlobalSection
	GlobalSection(SolutionProperties) = preSolution
		HideSolutionNode = FALSE
	EndGlobalSection
	GlobalSection(NestedProjects) = preSolution
		{3207ABA6-9ABE-4714-B48E-1BD61B737971} = {480E1205-91EE-4CF3-9448-A9311A330882}
		{57FCA8F4-9138-4223-88F1-FE4905AF9B92} = {480E1205-91EE-4CF3-9448-A9311A330882}
	EndGlobalSection
	GlobalSection(ExtensibilityGlobals) = postSolution
		SolutionGuid = {8FA55469-8DD9-473E-BBA7-2E42987146F2}
	EndGlobalSection
EndGlobal
